github.com/davecgh/go-spew v1.1.1 h1:vj9j/u1bqnvCEfJOwUhtlOARqs3+rkHYY13jYWTU97c=
github.com/davecgh/go-spew v1.1.1/go.mod h1:J7Y8YcW2NihsgmVo/mv3lAwl/skON4iLHjSsI+c5H38=
github.com/ddliu/go-httpclient v0.6.6 h1:6zfCVb5mwDmOZrWL5qfFG4/UNfHsd4Xg4Ysone9STa8=
github.com/ddliu/go-httpclient v0.6.6/go.mod h1:zM9P0OxV4OGGz1pt/ibuj0ooX2SWH9a6MvXZLbT0JMc=
